
Microsoft Visual Studio Solution File, Format Version 12.00
# Visual Studio 15
VisualStudioVersion = 15.0.27703.2035
MinimumVisualStudioVersion = 10.0.40219.1
Project("{FAE04EC0-301F-11D3-BF4B-00C04F79EFBC}") = "Tcc2021", "Tcc2021\Tcc2021.csproj", "{6BC1CE19-4BB5-4297-81B7-D87399A37DFB}"
EndProject
Global
	GlobalSection(SolutionConfigurationPlatforms) = preSolution
		Debug|Any CPU = Debug|Any CPU
		Release|Any CPU = Release|Any CPU
	EndGlobalSection
	GlobalSection(ProjectConfigurationPlatforms) = postSolution
		{6BC1CE19-4BB5-4297-81B7-D87399A37DFB}.Debug|Any CPU.ActiveCfg = Debug|Any CPU
		{6BC1CE19-4BB5-4297-81B7-D87399A37DFB}.Debug|Any CPU.Build.0 = Debug|Any CPU
		{6BC1CE19-4BB5-4297-81B7-D87399A37DFB}.Release|Any CPU.ActiveCfg = Release|Any CPU
		{6BC1CE19-4BB5-4297-81B7-D87399A37DFB}.Release|Any CPU.Build.0 = Release|Any CPU
	EndGlobalSection
	GlobalSection(SolutionProperties) = preSolution
		HideSolutionNode = FALSE
	EndGlobalSection
	GlobalSection(ExtensibilityGlobals) = postSolution
		SolutionGuid = {9101E4C9-287E-46AD-8A8E-4B79F4D0ABE5}
	EndGlobalSection
EndGlobal
